{
    "_readme": [
        "This file locks the dependencies of your project to a known state",
        "Read more about it at https://getcomposer.org/doc/01-basic-usage.md#installing-dependencies",
        "This file is @generated automatically"
    ],
    "content-hash": "e3ba0b087cb3013a7ea8477c4f0aa76e",
    "packages": [
        {
            "name": "10up/term-data-store",
            "version": "dev-master",
            "source": {
                "type": "git",
                "url": "https://github.com/10up/term-data-store.git",
                "reference": "ba244f3413055867b604d2743279aa8a0f098323"
            },
            "dist": {
                "type": "zip",
                "url": "https://api.github.com/repos/10up/term-data-store/zipball/ba244f3413055867b604d2743279aa8a0f098323",
                "reference": "ba244f3413055867b604d2743279aa8a0f098323",
                "shasum": ""
            },
            "require-dev": {
                "10up/wp_mock": "1.0.x@dev"
            },
            "default-branch": true,
            "type": "library",
            "autoload": {
                "files": [
                    "term-data-store.php"
                ]
            },
            "autoload-dev": {
                "psr-4": {
                    "TDS\\Tools\\": "tests/Tools"
                },
                "classmap": [
                    "tests/mocks"
                ]
            },
            "license": [
                "MIT"
            ],
            "authors": [
                {
                    "name": "John P Bloch",
                    "email": "john.bloch@10up.com"
                }
            ],
            "description": "One-to-one relationships between posts and terms",
            "support": {
                "source": "https://github.com/10up/term-data-store/tree/master",
                "issues": "https://github.com/10up/term-data-store/issues"
            },
            "time": "2021-01-08T03:19:20+00:00"
        }
    ],
    "packages-dev": [],
    "aliases": [],
    "minimum-stability": "stable",
    "stability-flags": {
        "10up/term-data-store": 20
    },
    "prefer-stable": false,
    "prefer-lowest": false,
    "platform": [],
    "platform-dev": [],
    "plugin-api-version": "2.3.0"
}
