{
    "_readme": [
        "This file locks the dependencies of your project to a known state",
        "Read more about it at https://getcomposer.org/doc/01-basic-usage.md#installing-dependencies",
        "This file is @generated automatically"
    ],
    "content-hash": "75330c29c73892781ceeb6eaa40c6c2b",
    "packages": [
        {
            "name": "alleyinteractive/cache-collector",
            "version": "v1.0.1",
            "source": {
                "type": "git",
                "url": "https://github.com/alleyinteractive/cache-collector.git",
                "reference": "51cd970131f6d1c63a53a8d2f33f285e1a7e834e"
            },
            "dist": {
                "type": "zip",
                "url": "https://api.github.com/repos/alleyinteractive/cache-collector/zipball/51cd970131f6d1c63a53a8d2f33f285e1a7e834e",
                "reference": "51cd970131f6d1c63a53a8d2f33f285e1a7e834e",
                "shasum": ""
            },
            "require": {
                "php": "^8.0"
            },
            "require-dev": {
                "alleyinteractive/alley-coding-standards": "^0.4",
                "alleyinteractive/composer-wordpress-autoloader": "^1.0",
                "mantle-framework/testkit": "^0.9",
                "nunomaduro/collision": "^5.0"
            },
            "suggest": {
                "psr/log": "For logging messages to when purging the cache"
            },
            "type": "wordpress-plugin",
            "extra": {
                "wordpress-autoloader": {
                    "autoload-dev": {
                        "Cache_Collector\\Tests\\": "tests"
                    }
                }
            },
            "notification-url": "https://packagist.org/downloads/",
            "license": [
                "GPL-2.0-or-later"
            ],
            "authors": [
                {
                    "name": "Sean Fisher",
                    "email": "srtfisher@gmail.com"
                }
            ],
            "description": "Dynamic cache key collector for easy purging",
            "homepage": "https://github.com/alleyinteractive/cache-collector",
            "keywords": [
                "alleyinteractive",
                "cache-collector"
            ],
            "support": {
                "issues": "https://github.com/alleyinteractive/cache-collector/issues",
                "source": "https://github.com/alleyinteractive/cache-collector/tree/v1.0.1"
            },
            "time": "2022-12-07T19:27:49+00:00"
        },
        {
            "name": "alleyinteractive/composer-wordpress-autoloader",
            "version": "v1.1.0",
            "source": {
                "type": "git",
                "url": "https://github.com/alleyinteractive/composer-wordpress-autoloader.git",
                "reference": "30acf9e3498a84af478e316ae3869fa362835695"
            },
            "dist": {
                "type": "zip",
                "url": "https://api.github.com/repos/alleyinteractive/composer-wordpress-autoloader/zipball/30acf9e3498a84af478e316ae3869fa362835695",
                "reference": "30acf9e3498a84af478e316ae3869fa362835695",
                "shasum": ""
            },
            "require": {
                "alleyinteractive/wordpress-autoloader": "^1.1.1",
                "composer-plugin-api": "^2.0",
                "php": "^8.0"
            },
            "require-dev": {
                "composer/composer": "*",
                "phpunit/phpunit": "^9.5.8",
                "squizlabs/php_codesniffer": "^4.0"
            },
            "type": "composer-plugin",
            "extra": {
                "class": "ComposerWordPressAutoloader\\Plugin"
            },
            "autoload": {
                "files": [
                    "src/autoload.php"
                ],
                "psr-4": {
                    "ComposerWordPressAutoloader\\": "src/"
                }
            },
            "notification-url": "https://packagist.org/downloads/",
            "license": [
                "GPL-2.0-or-later"
            ],
            "authors": [
                {
                    "name": "Alley Interactive",
                    "email": "info@alley.co"
                },
                {
                    "name": "Sean Fisher",
                    "email": "sean@alley.co"
                }
            ],
            "description": "Autoload files using WordPress File Conventions using Composer",
            "support": {
                "issues": "https://github.com/alleyinteractive/composer-wordpress-autoloader/issues",
                "source": "https://github.com/alleyinteractive/composer-wordpress-autoloader/tree/v1.1.0"
            },
            "time": "2023-12-06T20:21:22+00:00"
        },
        {
            "name": "alleyinteractive/wordpress-autoloader",
            "version": "v1.1.1",
            "source": {
                "type": "git",
                "url": "https://github.com/alleyinteractive/wordpress-autoloader.git",
                "reference": "c7599d95f49f1cdc38fad19944a50b19ec0dd6ca"
            },
            "dist": {
                "type": "zip",
                "url": "https://api.github.com/repos/alleyinteractive/wordpress-autoloader/zipball/c7599d95f49f1cdc38fad19944a50b19ec0dd6ca",
                "reference": "c7599d95f49f1cdc38fad19944a50b19ec0dd6ca",
                "shasum": ""
            },
            "require": {
                "php": "^7.4.0|^8.0|^8.1"
            },
            "require-dev": {
                "alleyinteractive/alley-coding-standards": "^0.3",
                "phpunit/phpunit": "^9.5.8"
            },
            "type": "library",
            "autoload": {
                "files": [
                    "src/class-autoloader.php"
                ]
            },
            "notification-url": "https://packagist.org/downloads/",
            "license": [
                "GPL-2.0-or-later"
            ],
            "authors": [
                {
                    "name": "Alley Interactive",
                    "email": "info@alley.co"
                }
            ],
            "description": "Autoload files using WordPress File Conventions",
            "support": {
                "issues": "https://github.com/alleyinteractive/wordpress-autoloader/issues",
                "source": "https://github.com/alleyinteractive/wordpress-autoloader/tree/v1.1.1"
            },
            "time": "2022-08-31T20:51:21+00:00"
        },
        {
            "name": "alleyinteractive/wp-block-converter",
            "version": "v1.2.0",
            "source": {
                "type": "git",
                "url": "https://github.com/alleyinteractive/wp-block-converter.git",
                "reference": "95b5df0f20eb8a16e4eaa9d99c4ccdb9ca26fd05"
            },
            "dist": {
                "type": "zip",
                "url": "https://api.github.com/repos/alleyinteractive/wp-block-converter/zipball/95b5df0f20eb8a16e4eaa9d99c4ccdb9ca26fd05",
                "reference": "95b5df0f20eb8a16e4eaa9d99c4ccdb9ca26fd05",
                "shasum": ""
            },
            "require": {
                "alleyinteractive/composer-wordpress-autoloader": "^1.0",
                "php": "^8.0|^8.1|^8.2"
            },
            "require-dev": {
                "alleyinteractive/alley-coding-standards": "^2.0",
                "mantle-framework/testkit": "^0.12",
                "nunomaduro/collision": "^6.0"
            },
            "type": "library",
            "extra": {
                "wordpress-autoloader": {
                    "autoload": {
                        "Alley\\WP\\Block_Converter\\": "src"
                    },
                    "autoload-dev": {
                        "Alley\\WP\\Block_Converter\\Tests\\": "tests"
                    }
                }
            },
            "autoload": {
                "files": [
                    "src/helpers.php"
                ]
            },
            "notification-url": "https://packagist.org/downloads/",
            "license": [
                "GPL-2.0-or-later"
            ],
            "authors": [
                {
                    "name": "Alley Interactive",
                    "email": "info@alley.com"
                }
            ],
            "description": "Convert HTML into Gutenberg Blocks with PHP",
            "homepage": "https://github.com/alleyinteractive/wp-block-converter",
            "keywords": [
                "alleyinteractive",
                "wp-block-converter"
            ],
            "support": {
                "issues": "https://github.com/alleyinteractive/wp-block-converter/issues",
                "source": "https://github.com/alleyinteractive/wp-block-converter/tree/v1.2.0"
            },
            "time": "2023-11-07T18:59:03+00:00"
        },
        {
            "name": "landrok/language-detector",
            "version": "1.4.0",
            "source": {
                "type": "git",
                "url": "https://github.com/landrok/language-detector.git",
                "reference": "91511a4f93700bd1c4c576b0e3b42173334a3cab"
            },
            "dist": {
                "type": "zip",
                "url": "https://api.github.com/repos/landrok/language-detector/zipball/91511a4f93700bd1c4c576b0e3b42173334a3cab",
                "reference": "91511a4f93700bd1c4c576b0e3b42173334a3cab",
                "shasum": ""
            },
            "require": {
                "ext-mbstring": "*",
                "php": ">=7.4",
                "webmozart/assert": "^1.2"
            },
            "require-dev": {
                "phpunit/phpunit": ">=6"
            },
            "type": "library",
            "autoload": {
                "psr-4": {
                    "LanguageDetector\\": "src/LanguageDetector/"
                }
            },
            "notification-url": "https://packagist.org/downloads/",
            "license": [
                "MIT"
            ],
            "description": "A fast and reliable PHP library for detecting languages",
            "homepage": "https://github.com/landrok/language-detector",
            "keywords": [
                "detector",
                "language",
                "n-grams"
            ],
            "support": {
                "issues": "https://github.com/landrok/language-detector/issues",
                "source": "https://github.com/landrok/language-detector/tree/1.4.0"
            },
            "time": "2023-12-18T21:52:42+00:00"
        },
        {
            "name": "webmozart/assert",
            "version": "1.11.0",
            "source": {
                "type": "git",
                "url": "https://github.com/webmozarts/assert.git",
                "reference": "11cb2199493b2f8a3b53e7f19068fc6aac760991"
            },
            "dist": {
                "type": "zip",
                "url": "https://api.github.com/repos/webmozarts/assert/zipball/11cb2199493b2f8a3b53e7f19068fc6aac760991",
                "reference": "11cb2199493b2f8a3b53e7f19068fc6aac760991",
                "shasum": ""
            },
            "require": {
                "ext-ctype": "*",
                "php": "^7.2 || ^8.0"
            },
            "conflict": {
                "phpstan/phpstan": "<0.12.20",
                "vimeo/psalm": "<4.6.1 || 4.6.2"
            },
            "require-dev": {
                "phpunit/phpunit": "^8.5.13"
            },
            "type": "library",
            "extra": {
                "branch-alias": {
                    "dev-master": "1.10-dev"
                }
            },
            "autoload": {
                "psr-4": {
                    "Webmozart\\Assert\\": "src/"
                }
            },
            "notification-url": "https://packagist.org/downloads/",
            "license": [
                "MIT"
            ],
            "authors": [
                {
                    "name": "Bernhard Schussek",
                    "email": "bschussek@gmail.com"
                }
            ],
            "description": "Assertions to validate method input/output with nice error messages.",
            "keywords": [
                "assert",
                "check",
                "validate"
            ],
            "support": {
                "issues": "https://github.com/webmozarts/assert/issues",
                "source": "https://github.com/webmozarts/assert/tree/1.11.0"
            },
            "time": "2022-06-03T18:03:27+00:00"
        },
        {
            "name": "woocommerce/action-scheduler",
            "version": "3.7.1",
            "source": {
                "type": "git",
                "url": "https://github.com/woocommerce/action-scheduler.git",
                "reference": "bdaecb016e0358065a8bf76a41fdd60772cacaa5"
            },
            "dist": {
                "type": "zip",
                "url": "https://api.github.com/repos/woocommerce/action-scheduler/zipball/bdaecb016e0358065a8bf76a41fdd60772cacaa5",
                "reference": "bdaecb016e0358065a8bf76a41fdd60772cacaa5",
                "shasum": ""
            },
            "require": {
                "php": ">=5.6"
            },
            "require-dev": {
                "phpunit/phpunit": "^7.5",
                "woocommerce/woocommerce-sniffs": "0.1.0",
                "wp-cli/wp-cli": "~2.5.0",
                "yoast/phpunit-polyfills": "^2.0"
            },
            "type": "wordpress-plugin",
            "extra": {
                "scripts-description": {
                    "test": "Run unit tests",
                    "phpcs": "Analyze code against the WordPress coding standards with PHP_CodeSniffer",
                    "phpcbf": "Fix coding standards warnings/errors automatically with PHP Code Beautifier"
                }
            },
            "notification-url": "https://packagist.org/downloads/",
            "license": [
                "GPL-3.0-or-later"
            ],
            "description": "Action Scheduler for WordPress and WooCommerce",
            "homepage": "https://actionscheduler.org/",
            "support": {
                "issues": "https://github.com/woocommerce/action-scheduler/issues",
                "source": "https://github.com/woocommerce/action-scheduler/tree/3.7.1"
            },
            "time": "2023-12-13T21:52:55+00:00"
        }
    ],
    "packages-dev": [],
    "aliases": [],
    "minimum-stability": "stable",
    "stability-flags": [],
    "prefer-stable": false,
    "prefer-lowest": false,
    "platform": [],
    "platform-dev": [],
    "plugin-api-version": "2.6.0"
}
