{
    "_readme": [
        "This file locks the dependencies of your project to a known state",
        "Read more about it at https://getcomposer.org/doc/01-basic-usage.md#installing-dependencies",
        "This file is @generated automatically"
    ],
    "content-hash": "7427c6f0a62d254c8ea1c0463d992d50",
    "packages": [
        {
            "name": "alleyinteractive/composer-wordpress-autoloader",
            "version": "v1.0.0",
            "source": {
                "type": "git",
                "url": "https://github.com/alleyinteractive/composer-wordpress-autoloader.git",
                "reference": "5f72de0cc7060c2475117c3231335b0899200230"
            },
            "dist": {
                "type": "zip",
                "url": "https://api.github.com/repos/alleyinteractive/composer-wordpress-autoloader/zipball/5f72de0cc7060c2475117c3231335b0899200230",
                "reference": "5f72de0cc7060c2475117c3231335b0899200230",
                "shasum": ""
            },
            "require": {
                "alleyinteractive/wordpress-autoloader": "^1.1.1",
                "composer-plugin-api": "^2.0",
                "php": "^7.4.0|^8.0|^8.1"
            },
            "require-dev": {
                "composer/composer": "*",
                "phpunit/phpunit": "^9.5.8",
                "squizlabs/php_codesniffer": "^4.0"
            },
            "type": "composer-plugin",
            "extra": {
                "class": "ComposerWordPressAutoloader\\Plugin"
            },
            "autoload": {
                "files": [
                    "src/autoload.php"
                ],
                "psr-4": {
                    "ComposerWordPressAutoloader\\": "src/"
                }
            },
            "notification-url": "https://packagist.org/downloads/",
            "license": [
                "GPL-2.0-or-later"
            ],
            "authors": [
                {
                    "name": "Alley Interactive",
                    "email": "info@alley.co"
                },
                {
                    "name": "Sean Fisher",
                    "email": "sean@alley.co"
                }
            ],
            "description": "Autoload files using WordPress File Conventions using Composer",
            "support": {
                "issues": "https://github.com/alleyinteractive/composer-wordpress-autoloader/issues",
                "source": "https://github.com/alleyinteractive/composer-wordpress-autoloader/tree/v1.0.0"
            },
            "time": "2022-09-01T03:42:52+00:00"
        },
        {
            "name": "alleyinteractive/wordpress-autoloader",
            "version": "v1.1.1",
            "source": {
                "type": "git",
                "url": "https://github.com/alleyinteractive/wordpress-autoloader.git",
                "reference": "c7599d95f49f1cdc38fad19944a50b19ec0dd6ca"
            },
            "dist": {
                "type": "zip",
                "url": "https://api.github.com/repos/alleyinteractive/wordpress-autoloader/zipball/c7599d95f49f1cdc38fad19944a50b19ec0dd6ca",
                "reference": "c7599d95f49f1cdc38fad19944a50b19ec0dd6ca",
                "shasum": ""
            },
            "require": {
                "php": "^7.4.0|^8.0|^8.1"
            },
            "require-dev": {
                "alleyinteractive/alley-coding-standards": "^0.3",
                "phpunit/phpunit": "^9.5.8"
            },
            "type": "library",
            "autoload": {
                "files": [
                    "src/class-autoloader.php"
                ]
            },
            "notification-url": "https://packagist.org/downloads/",
            "license": [
                "GPL-2.0-or-later"
            ],
            "authors": [
                {
                    "name": "Alley Interactive",
                    "email": "info@alley.co"
                }
            ],
            "description": "Autoload files using WordPress File Conventions",
            "support": {
                "issues": "https://github.com/alleyinteractive/wordpress-autoloader/issues",
                "source": "https://github.com/alleyinteractive/wordpress-autoloader/tree/v1.1.1"
            },
            "time": "2022-08-31T20:51:21+00:00"
        },
        {
            "name": "alleyinteractive/wp-block-converter",
            "version": "v1.0.0",
            "source": {
                "type": "git",
                "url": "https://github.com/alleyinteractive/wp-block-converter.git",
                "reference": "c3775bc7ed324127332acef6bb73c605198979d9"
            },
            "dist": {
                "type": "zip",
                "url": "https://api.github.com/repos/alleyinteractive/wp-block-converter/zipball/c3775bc7ed324127332acef6bb73c605198979d9",
                "reference": "c3775bc7ed324127332acef6bb73c605198979d9",
                "shasum": ""
            },
            "require": {
                "alleyinteractive/composer-wordpress-autoloader": "^1.0",
                "php": "^8.0"
            },
            "require-dev": {
                "alleyinteractive/alley-coding-standards": "^1.0",
                "mantle-framework/testkit": "^0.9",
                "nunomaduro/collision": "^5.0"
            },
            "type": "library",
            "extra": {
                "wordpress-autoloader": {
                    "autoload": {
                        "Alley\\WP\\Block_Converter\\": "src"
                    },
                    "autoload-dev": {
                        "Alley\\WP\\Block_Converter\\Tests\\": "tests"
                    }
                }
            },
            "autoload": {
                "files": [
                    "src/helpers.php"
                ]
            },
            "notification-url": "https://packagist.org/downloads/",
            "license": [
                "GPL-2.0-or-later"
            ],
            "authors": [
                {
                    "name": "Alley Interactive",
                    "email": "info@alley.com"
                }
            ],
            "description": "Convert HTML into Gutenberg Blocks with PHP",
            "homepage": "https://github.com/alleyinteractive/wp-block-converter",
            "keywords": [
                "alleyinteractive",
                "wp-block-converter"
            ],
            "support": {
                "issues": "https://github.com/alleyinteractive/wp-block-converter/issues",
                "source": "https://github.com/alleyinteractive/wp-block-converter/tree/v1.0.0"
            },
            "time": "2022-12-20T17:54:15+00:00"
        },
        {
            "name": "landrok/language-detector",
            "version": "1.3.1",
            "source": {
                "type": "git",
                "url": "https://github.com/landrok/language-detector.git",
                "reference": "97f30d9d8969e63337ecce403f423adad8a21ee2"
            },
            "dist": {
                "type": "zip",
                "url": "https://api.github.com/repos/landrok/language-detector/zipball/97f30d9d8969e63337ecce403f423adad8a21ee2",
                "reference": "97f30d9d8969e63337ecce403f423adad8a21ee2",
                "shasum": ""
            },
            "require": {
                "ext-mbstring": "*",
                "php": ">=7.2",
                "webmozart/assert": "^1.2"
            },
            "require-dev": {
                "phpunit/phpunit": ">=6"
            },
            "type": "library",
            "autoload": {
                "psr-4": {
                    "LanguageDetector\\": "src/LanguageDetector/"
                }
            },
            "notification-url": "https://packagist.org/downloads/",
            "license": [
                "MIT"
            ],
            "description": "A fast and reliable PHP library for detecting languages",
            "homepage": "https://github.com/landrok/language-detector",
            "keywords": [
                "detector",
                "language",
                "n-grams"
            ],
            "support": {
                "issues": "https://github.com/landrok/language-detector/issues",
                "source": "https://github.com/landrok/language-detector/tree/1.3.1"
            },
            "time": "2021-04-09T12:12:22+00:00"
        },
        {
            "name": "webmozart/assert",
            "version": "1.11.0",
            "source": {
                "type": "git",
                "url": "https://github.com/webmozarts/assert.git",
                "reference": "11cb2199493b2f8a3b53e7f19068fc6aac760991"
            },
            "dist": {
                "type": "zip",
                "url": "https://api.github.com/repos/webmozarts/assert/zipball/11cb2199493b2f8a3b53e7f19068fc6aac760991",
                "reference": "11cb2199493b2f8a3b53e7f19068fc6aac760991",
                "shasum": ""
            },
            "require": {
                "ext-ctype": "*",
                "php": "^7.2 || ^8.0"
            },
            "conflict": {
                "phpstan/phpstan": "<0.12.20",
                "vimeo/psalm": "<4.6.1 || 4.6.2"
            },
            "require-dev": {
                "phpunit/phpunit": "^8.5.13"
            },
            "type": "library",
            "extra": {
                "branch-alias": {
                    "dev-master": "1.10-dev"
                }
            },
            "autoload": {
                "psr-4": {
                    "Webmozart\\Assert\\": "src/"
                }
            },
            "notification-url": "https://packagist.org/downloads/",
            "license": [
                "MIT"
            ],
            "authors": [
                {
                    "name": "Bernhard Schussek",
                    "email": "bschussek@gmail.com"
                }
            ],
            "description": "Assertions to validate method input/output with nice error messages.",
            "keywords": [
                "assert",
                "check",
                "validate"
            ],
            "support": {
                "issues": "https://github.com/webmozarts/assert/issues",
                "source": "https://github.com/webmozarts/assert/tree/1.11.0"
            },
            "time": "2022-06-03T18:03:27+00:00"
        },
        {
            "name": "woocommerce/action-scheduler",
            "version": "3.6.3",
            "source": {
                "type": "git",
                "url": "https://github.com/woocommerce/action-scheduler.git",
                "reference": "c33dd732e37c90f37c3f9662f7eed888c11dc60d"
            },
            "dist": {
                "type": "zip",
                "url": "https://api.github.com/repos/woocommerce/action-scheduler/zipball/c33dd732e37c90f37c3f9662f7eed888c11dc60d",
                "reference": "c33dd732e37c90f37c3f9662f7eed888c11dc60d",
                "shasum": ""
            },
            "require-dev": {
                "phpunit/phpunit": "^7.5",
                "woocommerce/woocommerce-sniffs": "0.1.0",
                "wp-cli/wp-cli": "~2.5.0",
                "yoast/phpunit-polyfills": "^1.0"
            },
            "type": "wordpress-plugin",
            "extra": {
                "scripts-description": {
                    "test": "Run unit tests",
                    "phpcs": "Analyze code against the WordPress coding standards with PHP_CodeSniffer",
                    "phpcbf": "Fix coding standards warnings/errors automatically with PHP Code Beautifier"
                }
            },
            "notification-url": "https://packagist.org/downloads/",
            "license": [
                "GPL-3.0-or-later"
            ],
            "description": "Action Scheduler for WordPress and WooCommerce",
            "homepage": "https://actionscheduler.org/",
            "support": {
                "issues": "https://github.com/woocommerce/action-scheduler/issues",
                "source": "https://github.com/woocommerce/action-scheduler/tree/3.6.3"
            },
            "time": "2023-09-13T13:40:20+00:00"
        }
    ],
    "packages-dev": [],
    "aliases": [],
    "minimum-stability": "stable",
    "stability-flags": [],
    "prefer-stable": false,
    "prefer-lowest": false,
    "platform": [],
    "platform-dev": [],
    "plugin-api-version": "2.6.0"
}
